{
  "name": "nova-pasta",
  "version": "1.2.0",
  "lockfileVersion": 1,
  "requires": true,
  "dependencies": {
    "cpf_cnpj": {
      "version": "0.2.0",
      "resolved": "https://registry.npmjs.org/cpf_cnpj/-/cpf_cnpj-0.2.0.tgz",
      "integrity": "sha1-oDLBkkKjjoNj7c5OeLsfvp1mSqU="
    }
  }
}
